
Microsoft Visual Studio Solution File, Format Version 12.00
# Visual Studio Version 16
VisualStudioVersion = 16.0.30621.155
MinimumVisualStudioVersion = 10.0.40219.1
Project("{FAE04EC0-301F-11D3-BF4B-00C04F79EFBC}") = "LimitlessTyres", "LimitlessTyres\LimitlessTyres.csproj", "{CA7E8766-F6A2-42D6-BB3C-A5FAF6A4553A}"
EndProject
Global
	GlobalSection(SolutionConfigurationPlatforms) = preSolution
		Debug|Any CPU = Debug|Any CPU
		Release|Any CPU = Release|Any CPU
	EndGlobalSection
	GlobalSection(ProjectConfigurationPlatforms) = postSolution
		{CA7E8766-F6A2-42D6-BB3C-A5FAF6A4553A}.Debug|Any CPU.ActiveCfg = Debug|Any CPU
		{CA7E8766-F6A2-42D6-BB3C-A5FAF6A4553A}.Debug|Any CPU.Build.0 = Debug|Any CPU
		{CA7E8766-F6A2-42D6-BB3C-A5FAF6A4553A}.Release|Any CPU.ActiveCfg = Release|Any CPU
		{CA7E8766-F6A2-42D6-BB3C-A5FAF6A4553A}.Release|Any CPU.Build.0 = Release|Any CPU
	EndGlobalSection
	GlobalSection(SolutionProperties) = preSolution
		HideSolutionNode = FALSE
	EndGlobalSection
	GlobalSection(ExtensibilityGlobals) = postSolution
		SolutionGuid = {0FA5AE10-2EC3-40A1-82CD-4F0569813B43}
	EndGlobalSection
EndGlobal
